PATH
  remote: ..
  specs:
    stator (0.9.0)
      activerecord (>= 6.0)
      base64
      benchmark
      bigdecimal
      logger
      mutex_m

GEM
  remote: https://rubygems.org/
  specs:
    activemodel (7.0.10)
      activesupport (= 7.0.10)
    activerecord (7.0.10)
      activemodel (= 7.0.10)
      activesupport (= 7.0.10)
    activerecord-nulldb-adapter (1.2.2)
      activerecord (>= 6.1, < 8.2)
    activesupport (7.0.10)
      base64
      benchmark (>= 0.3)
      bigdecimal
      concurrent-ruby (~> 1.0, >= 1.0.2)
      drb
      i18n (>= 1.6, < 2)
      logger (>= 1.4.2)
      minitest (>= 5.1)
      mutex_m
      securerandom (>= 0.3)
      tzinfo (~> 2.0)
    appraisal (2.5.0)
      bundler
      rake
      thor (>= 0.14.0)
    base64 (0.3.0)
    benchmark (0.5.0)
    bigdecimal (4.0.1)
    concurrent-ruby (1.3.4)
    diff-lcs (1.6.2)
    drb (2.2.3)
    i18n (1.14.8)
      concurrent-ruby (~> 1.0)
    logger (1.7.0)
    minitest (6.0.1)
      prism (~> 1.5)
    mutex_m (0.3.0)
    prism (1.9.0)
    rake (13.3.1)
    rspec (3.13.2)
      rspec-core (~> 3.13.0)
      rspec-expectations (~> 3.13.0)
      rspec-mocks (~> 3.13.0)
    rspec-core (3.13.6)
      rspec-support (~> 3.13.0)
    rspec-expectations (3.13.5)
      diff-lcs (>= 1.2.0, < 2.0)
      rspec-support (~> 3.13.0)
    rspec-mocks (3.13.7)
      diff-lcs (>= 1.2.0, < 2.0)
      rspec-support (~> 3.13.0)
    rspec-support (3.13.7)
    securerandom (0.4.1)
    thor (1.5.0)
    tzinfo (2.0.6)
      concurrent-ruby (~> 1.0)

PLATFORMS
  ruby

DEPENDENCIES
  activerecord (~> 7.0.0)
  activerecord-nulldb-adapter
  appraisal
  concurrent-ruby (= 1.3.4)
  rake
  rspec
  stator!

CHECKSUMS
  activemodel (7.0.10) sha256=e2e1e0a4664b69606363e9f6f59afadeab6fa8843c5fb73cd037bb72a40fa498
  activerecord (7.0.10) sha256=63bc193d4c6944d85f53255362b67269d246a51bd664e09b1aa2cecfe5288c9a
  activerecord-nulldb-adapter (1.2.2) sha256=01e0b2e49af11ad56a92e274a3d8c9fb3c50a12a5460218c4c4b45355d9ef968
  activesupport (7.0.10) sha256=01487b0774045918b36893af4f012986db8375f6c5850c0ffc75b940ede72305
  appraisal (2.5.0) sha256=36989221be127913b0dba8d114da2001e6b2dceea7bd4951200eaba764eed3ce
  base64 (0.3.0) sha256=27337aeabad6ffae05c265c450490628ef3ebd4b67be58257393227588f5a97b
  benchmark (0.5.0) sha256=465df122341aedcb81a2a24b4d3bd19b6c67c1530713fd533f3ff034e419236c
  bigdecimal (4.0.1) sha256=8b07d3d065a9f921c80ceaea7c9d4ae596697295b584c296fe599dd0ad01c4a7
  concurrent-ruby (1.3.4) sha256=d4aa926339b0a86b5b5054a0a8c580163e6f5dcbdfd0f4bb916b1a2570731c32
  diff-lcs (1.6.2) sha256=9ae0d2cba7d4df3075fe8cd8602a8604993efc0dfa934cff568969efb1909962
  drb (2.2.3) sha256=0b00d6fdb50995fe4a45dea13663493c841112e4068656854646f418fda13373
  i18n (1.14.8) sha256=285778639134865c5e0f6269e0b818256017e8cde89993fdfcbfb64d088824a5
  logger (1.7.0) sha256=196edec7cc44b66cfb40f9755ce11b392f21f7967696af15d274dde7edff0203
  minitest (6.0.1) sha256=7854c74f48e2e975969062833adc4013f249a4b212f5e7b9d5c040bf838d54bb
  mutex_m (0.3.0) sha256=cfcb04ac16b69c4813777022fdceda24e9f798e48092a2b817eb4c0a782b0751
  prism (1.9.0) sha256=7b530c6a9f92c24300014919c9dcbc055bf4cdf51ec30aed099b06cd6674ef85
  rake (13.3.1) sha256=8c9e89d09f66a26a01264e7e3480ec0607f0c497a861ef16063604b1b08eb19c
  rspec (3.13.2) sha256=206284a08ad798e61f86d7ca3e376718d52c0bc944626b2349266f239f820587
  rspec-core (3.13.6) sha256=a8823c6411667b60a8bca135364351dda34cd55e44ff94c4be4633b37d828b2d
  rspec-expectations (3.13.5) sha256=33a4d3a1d95060aea4c94e9f237030a8f9eae5615e9bd85718fe3a09e4b58836
  rspec-mocks (3.13.7) sha256=0979034e64b1d7a838aaaddf12bf065ea4dc40ef3d4c39f01f93ae2c66c62b1c
  rspec-support (3.13.7) sha256=0640e5570872aafefd79867901deeeeb40b0c9875a36b983d85f54fb7381c47c
  securerandom (0.4.1) sha256=cc5193d414a4341b6e225f0cb4446aceca8e50d5e1888743fac16987638ea0b1
  stator (0.9.0)
  thor (1.5.0) sha256=e3a9e55fe857e44859ce104a84675ab6e8cd59c650a49106a05f55f136425e73
  tzinfo (2.0.6) sha256=8daf828cc77bcf7d63b0e3bdb6caa47e2272dcfaf4fbfe46f8c3a9df087a829b

BUNDLED WITH
  4.0.6
